
Microsoft Visual Studio Solution File, Format Version 12.00
# Visual Studio 2012
Project("{FAE04EC0-301F-11D3-BF4B-00C04F79EFBC}") = "答疑预约系统", "答疑预约系统\答疑预约系统.csproj", "{818CB99C-8708-4C85-9799-F35789211E97}"
EndProject
Global
	GlobalSection(SolutionConfigurationPlatforms) = preSolution
		Debug|Any CPU = Debug|Any CPU
		Release|Any CPU = Release|Any CPU
	EndGlobalSection
	GlobalSection(ProjectConfigurationPlatforms) = postSolution
		{818CB99C-8708-4C85-9799-F35789211E97}.Debug|Any CPU.ActiveCfg = Debug|Any CPU
		{818CB99C-8708-4C85-9799-F35789211E97}.Debug|Any CPU.Build.0 = Debug|Any CPU
		{818CB99C-8708-4C85-9799-F35789211E97}.Release|Any CPU.ActiveCfg = Release|Any CPU
		{818CB99C-8708-4C85-9799-F35789211E97}.Release|Any CPU.Build.0 = Release|Any CPU
	EndGlobalSection
	GlobalSection(SolutionProperties) = preSolution
		HideSolutionNode = FALSE
	EndGlobalSection
EndGlobal
